# THIS IS AN AUTOGENERATED FILE. DO NOT EDIT THIS FILE DIRECTLY.
# yarn lockfile v1


"@electron/get@^2.0.0":
  version "2.0.3"
  resolved "http://registry.m.jd.com/@electron/get/download/@electron/get-2.0.3.tgz#fba552683d387aebd9f3fcadbcafc8e12ee4f960"
  integrity sha1-+6VSaD04euvZ8/ytvK/I4S7k+WA=
  dependencies:
    debug "^4.1.1"
    env-paths "^2.2.0"
    fs-extra "^8.1.0"
    got "^11.8.5"
    progress "^2.0.3"
    semver "^6.2.0"
    sumchecker "^3.0.1"
  optionalDependencies:
    global-agent "^3.0.0"

"@sindresorhus/is@^4.0.0":
  version "4.6.0"
  resolved "http://registry.m.jd.com/@sindresorhus/is/download/@sindresorhus/is-4.6.0.tgz#3c7c9c46e678feefe7a2e5bb609d3dbd665ffb3f"
  integrity sha1-PHycRuZ4/u/nouW7YJ09vWZf+z8=

"@szmarczak/http-timer@^4.0.5":
  version "4.0.6"
  resolved "http://registry.m.jd.com/@szmarczak/http-timer/download/@szmarczak/http-timer-4.0.6.tgz#b4a914bb62e7c272d4e5989fe4440f812ab1d807"
  integrity sha1-tKkUu2LnwnLU5Zif5EQPgSqx2Ac=
  dependencies:
    defer-to-connect "^2.0.0"

"@types/cacheable-request@^6.0.1":
  version "6.0.3"
  resolved "http://registry.m.jd.com/@types/cacheable-request/download/@types/cacheable-request-6.0.3.tgz#a430b3260466ca7b5ca5bfd735693b36e7a9d183"
  integrity sha1-pDCzJgRmyntcpb/XNWk7Nuep0YM=
  dependencies:
    "@types/http-cache-semantics" "*"
    "@types/keyv" "^3.1.4"
    "@types/node" "*"
    "@types/responselike" "^1.0.0"

"@types/http-cache-semantics@*":
  version "4.0.4"
  resolved "http://registry.m.jd.com/@types/http-cache-semantics/download/@types/http-cache-semantics-4.0.4.tgz#b979ebad3919799c979b17c72621c0bc0a31c6c4"
  integrity sha1-uXnrrTkZeZyXmxfHJiHAvAoxxsQ=

"@types/keyv@^3.1.4":
  version "3.1.4"
  resolved "http://registry.m.jd.com/@types/keyv/download/@types/keyv-3.1.4.tgz#3ccdb1c6751b0c7e52300bcdacd5bcbf8faa75b6"
  integrity sha1-PM2xxnUbDH5SMAvNrNW8v4+qdbY=
  dependencies:
    "@types/node" "*"

"@types/node@*":
  version "22.13.5"
  resolved "http://registry.m.jd.com/@types/node/download/@types/node-22.13.5.tgz#23add1d71acddab2c6a4d31db89c0f98d330b511"
  integrity sha1-I63R1xrN2rLGpNMduJwPmNMwtRE=
  dependencies:
    undici-types "~6.20.0"

"@types/node@^20.9.0":
  version "20.17.19"
  resolved "http://registry.m.jd.com/@types/node/download/@types/node-20.17.19.tgz#0f2869555719bef266ca6e1827fcdca903c1a697"
  integrity sha1-DyhpVVcZvvJmym4YJ/zcqQPBppc=
  dependencies:
    undici-types "~6.19.2"

"@types/responselike@^1.0.0":
  version "1.0.3"
  resolved "http://registry.m.jd.com/@types/responselike/download/@types/responselike-1.0.3.tgz#cc29706f0a397cfe6df89debfe4bf5cea159db50"
  integrity sha1-zClwbwo5fP5t+J3r/kv1zqFZ21A=
  dependencies:
    "@types/node" "*"

"@types/yauzl@^2.9.1":
  version "2.10.3"
  resolved "http://registry.m.jd.com/@types/yauzl/download/@types/yauzl-2.10.3.tgz#e9b2808b4f109504a03cda958259876f61017999"
  integrity sha1-6bKAi08QlQSgPNqVglmHb2EBeZk=
  dependencies:
    "@types/node" "*"

boolean@^3.0.1:
  version "3.2.0"
  resolved "http://registry.m.jd.com/boolean/download/boolean-3.2.0.tgz#9e5294af4e98314494cbb17979fa54ca159f116b"
  integrity sha1-nlKUr06YMUSUy7F5efpUyhWfEWs=

buffer-crc32@~0.2.3:
  version "0.2.13"
  resolved "http://registry.m.jd.com/buffer-crc32/download/buffer-crc32-0.2.13.tgz#0d333e3f00eac50aa1454abd30ef8c2a5d9a7242"
  integrity sha1-DTM+PwDqxQqhRUq9MO+MKl2ackI=

cacheable-lookup@^5.0.3:
  version "5.0.4"
  resolved "http://registry.m.jd.com/cacheable-lookup/download/cacheable-lookup-5.0.4.tgz#5a6b865b2c44357be3d5ebc2a467b032719a7005"
  integrity sha1-WmuGWyxENXvj1evCpGewMnGacAU=

cacheable-request@^7.0.2:
  version "7.0.4"
  resolved "http://registry.m.jd.com/cacheable-request/download/cacheable-request-7.0.4.tgz#7a33ebf08613178b403635be7b899d3e69bbe817"
  integrity sha1-ejPr8IYTF4tANjW+e4mdPmm76Bc=
  dependencies:
    clone-response "^1.0.2"
    get-stream "^5.1.0"
    http-cache-semantics "^4.0.0"
    keyv "^4.0.0"
    lowercase-keys "^2.0.0"
    normalize-url "^6.0.1"
    responselike "^2.0.0"

clone-response@^1.0.2:
  version "1.0.3"
  resolved "http://registry.m.jd.com/clone-response/download/clone-response-1.0.3.tgz#af2032aa47816399cf5f0a1d0db902f517abb8c3"
  integrity sha1-ryAyqkeBY5nPXwodDbkC9ReruMM=
  dependencies:
    mimic-response "^1.0.0"

debug@^4.1.0, debug@^4.1.1:
  version "4.4.0"
  resolved "http://registry.m.jd.com/debug/download/debug-4.4.0.tgz#2b3f2aea2ffeb776477460267377dc8710faba8a"
  integrity sha1-Kz8q6i/+t3ZHdGAmc3fchxD6uoo=
  dependencies:
    ms "^2.1.3"

decompress-response@^6.0.0:
  version "6.0.0"
  resolved "http://registry.m.jd.com/decompress-response/download/decompress-response-6.0.0.tgz#ca387612ddb7e104bd16d85aab00d5ecf09c66fc"
  integrity sha1-yjh2Et234QS9FthaqwDV7PCcZvw=
  dependencies:
    mimic-response "^3.1.0"

defer-to-connect@^2.0.0:
  version "2.0.1"
  resolved "http://registry.m.jd.com/defer-to-connect/download/defer-to-connect-2.0.1.tgz#8016bdb4143e4632b77a3449c6236277de520587"
  integrity sha1-gBa9tBQ+RjK3ejRJxiNid95SBYc=

define-data-property@^1.0.1:
  version "1.1.4"
  resolved "http://registry.m.jd.com/define-data-property/download/define-data-property-1.1.4.tgz#894dc141bb7d3060ae4366f6a0107e68fbe48c5e"
  integrity sha1-iU3BQbt9MGCuQ2b2oBB+aPvkjF4=
  dependencies:
    es-define-property "^1.0.0"
    es-errors "^1.3.0"
    gopd "^1.0.1"

define-properties@^1.2.1:
  version "1.2.1"
  resolved "http://registry.m.jd.com/define-properties/download/define-properties-1.2.1.tgz#10781cc616eb951a80a034bafcaa7377f6af2b6c"
  integrity sha1-EHgcxhbrlRqAoDS6/Kpzd/avK2w=
  dependencies:
    define-data-property "^1.0.1"
    has-property-descriptors "^1.0.0"
    object-keys "^1.1.1"

detect-node@^2.0.4:
  version "2.1.0"
  resolved "http://registry.m.jd.com/detect-node/download/detect-node-2.1.0.tgz#c9c70775a49c3d03bc2c06d9a73be550f978f8b1"
  integrity sha1-yccHdaScPQO8LAbZpzvlUPl4+LE=

electron@^34.2.0:
  version "34.2.0"
  resolved "http://registry.m.jd.com/electron/download/electron-34.2.0.tgz#3cec06c34f47f0e86956be71629b485b290bafd1"
  integrity sha1-POwGw09H8OhpVr5xYptIWykLr9E=
  dependencies:
    "@electron/get" "^2.0.0"
    "@types/node" "^20.9.0"
    extract-zip "^2.0.1"

end-of-stream@^1.1.0:
  version "1.4.4"
  resolved "http://registry.m.jd.com/end-of-stream/download/end-of-stream-1.4.4.tgz#5ae64a5f45057baf3626ec14da0ca5e4b2431eb0"
  integrity sha1-WuZKX0UFe682JuwU2gyl5LJDHrA=
  dependencies:
    once "^1.4.0"

env-paths@^2.2.0:
  version "2.2.1"
  resolved "http://registry.m.jd.com/env-paths/download/env-paths-2.2.1.tgz#420399d416ce1fbe9bc0a07c62fa68d67fd0f8f2"
  integrity sha1-QgOZ1BbOH76bwKB8Yvpo1n/Q+PI=

es-define-property@^1.0.0:
  version "1.0.1"
  resolved "http://registry.m.jd.com/es-define-property/download/es-define-property-1.0.1.tgz#983eb2f9a6724e9303f61addf011c72e09e0b0fa"
  integrity sha1-mD6y+aZyTpMD9hrd8BHHLgngsPo=

es-errors@^1.3.0:
  version "1.3.0"
  resolved "http://registry.m.jd.com/es-errors/download/es-errors-1.3.0.tgz#05f75a25dab98e4fb1dcd5e1472c0546d5057c8f"
  integrity sha1-BfdaJdq5jk+x3NXhRywFRtUFfI8=

es6-error@^4.1.1:
  version "4.1.1"
  resolved "http://registry.m.jd.com/es6-error/download/es6-error-4.1.1.tgz#9e3af407459deed47e9a91f9b885a84eb05c561d"
  integrity sha1-njr0B0Wd7tR+mpH5uIWoTrBcVh0=

escape-string-regexp@^4.0.0:
  version "4.0.0"
  resolved "http://registry.m.jd.com/escape-string-regexp/download/escape-string-regexp-4.0.0.tgz#14ba83a5d373e3d311e5afca29cf5bfad965bf34"
  integrity sha1-FLqDpdNz49MR5a/KKc9b+tllvzQ=

extract-zip@^2.0.1:
  version "2.0.1"
  resolved "http://registry.m.jd.com/extract-zip/download/extract-zip-2.0.1.tgz#663dca56fe46df890d5f131ef4a06d22bb8ba13a"
  integrity sha1-Zj3KVv5G34kNXxMe9KBtIruLoTo=
  dependencies:
    debug "^4.1.1"
    get-stream "^5.1.0"
    yauzl "^2.10.0"
  optionalDependencies:
    "@types/yauzl" "^2.9.1"

fd-slicer@~1.1.0:
  version "1.1.0"
  resolved "http://registry.m.jd.com/fd-slicer/download/fd-slicer-1.1.0.tgz#25c7c89cb1f9077f8891bbe61d8f390eae256f1e"
  integrity sha1-JcfInLH5B3+IkbvmHY85Dq4lbx4=
  dependencies:
    pend "~1.2.0"

fs-extra@^8.1.0:
  version "8.1.0"
  resolved "http://registry.m.jd.com/fs-extra/download/fs-extra-8.1.0.tgz#49d43c45a88cd9677668cb7be1b46efdb8d2e1c0"
  integrity sha1-SdQ8RaiM2Wd2aMt74bRu/bjS4cA=
  dependencies:
    graceful-fs "^4.2.0"
    jsonfile "^4.0.0"
    universalify "^0.1.0"

get-stream@^5.1.0:
  version "5.2.0"
  resolved "http://registry.m.jd.com/get-stream/download/get-stream-5.2.0.tgz#4966a1795ee5ace65e706c4b7beb71257d6e22d3"
  integrity sha1-SWaheV7lrOZecGxLe+txJX1uItM=
  dependencies:
    pump "^3.0.0"

global-agent@^3.0.0:
  version "3.0.0"
  resolved "http://registry.m.jd.com/global-agent/download/global-agent-3.0.0.tgz#ae7cd31bd3583b93c5a16437a1afe27cc33a1ab6"
  integrity sha1-rnzTG9NYO5PFoWQ3oa/ifMM6GrY=
  dependencies:
    boolean "^3.0.1"
    es6-error "^4.1.1"
    matcher "^3.0.0"
    roarr "^2.15.3"
    semver "^7.3.2"
    serialize-error "^7.0.1"

globalthis@^1.0.1:
  version "1.0.4"
  resolved "http://registry.m.jd.com/globalthis/download/globalthis-1.0.4.tgz#7430ed3a975d97bfb59bcce41f5cabbafa651236"
  integrity sha1-dDDtOpddl7+1m8zkH1yruvplEjY=
  dependencies:
    define-properties "^1.2.1"
    gopd "^1.0.1"

gopd@^1.0.1:
  version "1.2.0"
  resolved "http://registry.m.jd.com/gopd/download/gopd-1.2.0.tgz#89f56b8217bdbc8802bd299df6d7f1081d7e51a1"
  integrity sha1-ifVrghe9vIgCvSmd9tfxCB1+UaE=

got@^11.8.5:
  version "11.8.6"
  resolved "http://registry.m.jd.com/got/download/got-11.8.6.tgz#276e827ead8772eddbcfc97170590b841823233a"
  integrity sha1-J26Cfq2Hcu3bz8lxcFkLhBgjIzo=
  dependencies:
    "@sindresorhus/is" "^4.0.0"
    "@szmarczak/http-timer" "^4.0.5"
    "@types/cacheable-request" "^6.0.1"
    "@types/responselike" "^1.0.0"
    cacheable-lookup "^5.0.3"
    cacheable-request "^7.0.2"
    decompress-response "^6.0.0"
    http2-wrapper "^1.0.0-beta.5.2"
    lowercase-keys "^2.0.0"
    p-cancelable "^2.0.0"
    responselike "^2.0.0"

graceful-fs@^4.1.6, graceful-fs@^4.2.0:
  version "4.2.11"
  resolved "http://registry.m.jd.com/graceful-fs/download/graceful-fs-4.2.11.tgz#4183e4e8bf08bb6e05bbb2f7d2e0c8f712ca40e3"
  integrity sha1-QYPk6L8Iu24Fu7L30uDI9xLKQOM=

has-property-descriptors@^1.0.0:
  version "1.0.2"
  resolved "http://registry.m.jd.com/has-property-descriptors/download/has-property-descriptors-1.0.2.tgz#963ed7d071dc7bf5f084c5bfbe0d1b6222586854"
  integrity sha1-lj7X0HHce/XwhMW/vg0bYiJYaFQ=
  dependencies:
    es-define-property "^1.0.0"

http-cache-semantics@^4.0.0:
  version "4.1.1"
  resolved "http://registry.m.jd.com/http-cache-semantics/download/http-cache-semantics-4.1.1.tgz#abe02fcb2985460bf0323be664436ec3476a6d5a"
  integrity sha1-q+AvyymFRgvwMjvmZENuw0dqbVo=

http2-wrapper@^1.0.0-beta.5.2:
  version "1.0.3"
  resolved "http://registry.m.jd.com/http2-wrapper/download/http2-wrapper-1.0.3.tgz#b8f55e0c1f25d4ebd08b3b0c2c079f9590800b3d"
  integrity sha1-uPVeDB8l1OvQizsMLAeflZCACz0=
  dependencies:
    quick-lru "^5.1.1"
    resolve-alpn "^1.0.0"

json-buffer@3.0.1:
  version "3.0.1"
  resolved "http://registry.m.jd.com/json-buffer/download/json-buffer-3.0.1.tgz#9338802a30d3b6605fbe0613e094008ca8c05a13"
  integrity sha1-kziAKjDTtmBfvgYT4JQAjKjAWhM=

json-stringify-safe@^5.0.1:
  version "5.0.1"
  resolved "http://registry.m.jd.com/json-stringify-safe/download/json-stringify-safe-5.0.1.tgz#1296a2d58fd45f19a0f6ce01d65701e2c735b6eb"
  integrity sha1-Epai1Y/UXxmg9s4B1lcB4sc1tus=

jsonfile@^4.0.0:
  version "4.0.0"
  resolved "http://registry.m.jd.com/jsonfile/download/jsonfile-4.0.0.tgz#8771aae0799b64076b76640fca058f9c10e33ecb"
  integrity sha1-h3Gq4HmbZAdrdmQPygWPnBDjPss=
  optionalDependencies:
    graceful-fs "^4.1.6"

keyv@^4.0.0:
  version "4.5.4"
  resolved "http://registry.m.jd.com/keyv/download/keyv-4.5.4.tgz#a879a99e29452f942439f2a405e3af8b31d4de93"
  integrity sha1-qHmpnilFL5QkOfKkBeOvizHU3pM=
  dependencies:
    json-buffer "3.0.1"

lowercase-keys@^2.0.0:
  version "2.0.0"
  resolved "http://registry.m.jd.com/lowercase-keys/download/lowercase-keys-2.0.0.tgz#2603e78b7b4b0006cbca2fbcc8a3202558ac9479"
  integrity sha1-JgPni3tLAAbLyi+8yKMgJVislHk=

matcher@^3.0.0:
  version "3.0.0"
  resolved "http://registry.m.jd.com/matcher/download/matcher-3.0.0.tgz#bd9060f4c5b70aa8041ccc6f80368760994f30ca"
  integrity sha1-vZBg9MW3CqgEHMxvgDaHYJlPMMo=
  dependencies:
    escape-string-regexp "^4.0.0"

mimic-response@^1.0.0:
  version "1.0.1"
  resolved "http://registry.m.jd.com/mimic-response/download/mimic-response-1.0.1.tgz#4923538878eef42063cb8a3e3b0798781487ab1b"
  integrity sha1-SSNTiHju9CBjy4o+OweYeBSHqxs=

mimic-response@^3.1.0:
  version "3.1.0"
  resolved "http://registry.m.jd.com/mimic-response/download/mimic-response-3.1.0.tgz#2d1d59af9c1b129815accc2c46a022a5ce1fa3c9"
  integrity sha1-LR1Zr5wbEpgVrMwsRqAipc4fo8k=

ms@^2.1.3:
  version "2.1.3"
  resolved "http://registry.m.jd.com/ms/download/ms-2.1.3.tgz#574c8138ce1d2b5861f0b44579dbadd60c6615b2"
  integrity sha1-V0yBOM4dK1hh8LRFedut1gxmFbI=

"my-calendar-tool@file:.":
  version "1.0.0"
  dependencies:
    my-calendar-tool "file:../../../AppData/Local/Yarn/Cache/v6/npm-my-calendar-tool-1.0.0-11b47bdb-764b-40c0-97b7-87ecb2004b26-1740231309082/node_modules/my-calendar-tool"

normalize-url@^6.0.1:
  version "6.1.0"
  resolved "http://registry.m.jd.com/normalize-url/download/normalize-url-6.1.0.tgz#40d0885b535deffe3f3147bec877d05fe4c5668a"
  integrity sha1-QNCIW1Nd7/4/MUe+yHfQX+TFZoo=

object-keys@^1.1.1:
  version "1.1.1"
  resolved "http://registry.m.jd.com/object-keys/download/object-keys-1.1.1.tgz#1c47f272df277f3b1daf061677d9c82e2322c60e"
  integrity sha1-HEfyct8nfzsdrwYWd9nILiMixg4=

once@^1.3.1, once@^1.4.0:
  version "1.4.0"
  resolved "http://registry.m.jd.com/once/download/once-1.4.0.tgz#583b1aa775961d4b113ac17d9c50baef9dd76bd1"
  integrity sha1-WDsap3WWHUsROsF9nFC6753Xa9E=
  dependencies:
    wrappy "1"

p-cancelable@^2.0.0:
  version "2.1.1"
  resolved "http://registry.m.jd.com/p-cancelable/download/p-cancelable-2.1.1.tgz#aab7fbd416582fa32a3db49859c122487c5ed2cf"
  integrity sha1-qrf71BZYL6MqPbSYWcEiSHxe0s8=

pend@~1.2.0:
  version "1.2.0"
  resolved "http://registry.m.jd.com/pend/download/pend-1.2.0.tgz#7a57eb550a6783f9115331fcf4663d5c8e007a50"
  integrity sha1-elfrVQpng/kRUzH89GY9XI4AelA=

progress@^2.0.3:
  version "2.0.3"
  resolved "http://registry.m.jd.com/progress/download/progress-2.0.3.tgz#7e8cf8d8f5b8f239c1bc68beb4eb78567d572ef8"
  integrity sha1-foz42PW48jnBvGi+tOt4Vn1XLvg=

pump@^3.0.0:
  version "3.0.2"
  resolved "http://registry.m.jd.com/pump/download/pump-3.0.2.tgz#836f3edd6bc2ee599256c924ffe0d88573ddcbf8"
  integrity sha1-g28+3WvC7lmSVskk/+DYhXPdy/g=
  dependencies:
    end-of-stream "^1.1.0"
    once "^1.3.1"

quick-lru@^5.1.1:
  version "5.1.1"
  resolved "http://registry.m.jd.com/quick-lru/download/quick-lru-5.1.1.tgz#366493e6b3e42a3a6885e2e99d18f80fb7a8c932"
  integrity sha1-NmST5rPkKjpoheLpnRj4D7eoyTI=

resolve-alpn@^1.0.0:
  version "1.2.1"
  resolved "http://registry.m.jd.com/resolve-alpn/download/resolve-alpn-1.2.1.tgz#b7adbdac3546aaaec20b45e7d8265927072726f9"
  integrity sha1-t629rDVGqq7CC0Xn2CZZJwcnJvk=

responselike@^2.0.0:
  version "2.0.1"
  resolved "http://registry.m.jd.com/responselike/download/responselike-2.0.1.tgz#9a0bc8fdc252f3fb1cca68b016591059ba1422bc"
  integrity sha1-mgvI/cJS8/scymiwFlkQWboUIrw=
  dependencies:
    lowercase-keys "^2.0.0"

roarr@^2.15.3:
  version "2.15.4"
  resolved "http://registry.m.jd.com/roarr/download/roarr-2.15.4.tgz#f5fe795b7b838ccfe35dc608e0282b9eba2e7afd"
  integrity sha1-9f55W3uDjM/jXcYI4Cgrnrouev0=
  dependencies:
    boolean "^3.0.1"
    detect-node "^2.0.4"
    globalthis "^1.0.1"
    json-stringify-safe "^5.0.1"
    semver-compare "^1.0.0"
    sprintf-js "^1.1.2"

semver-compare@^1.0.0:
  version "1.0.0"
  resolved "http://registry.m.jd.com/semver-compare/download/semver-compare-1.0.0.tgz#0dee216a1c941ab37e9efb1788f6afc5ff5537fc"
  integrity sha1-De4hahyUGrN+nvsXiPavxf9VN/w=

semver@^6.2.0:
  version "6.3.1"
  resolved "http://registry.m.jd.com/semver/download/semver-6.3.1.tgz#556d2ef8689146e46dcea4bfdd095f3434dffcb4"
  integrity sha1-VW0u+GiRRuRtzqS/3QlfNDTf/LQ=

semver@^7.3.2:
  version "7.7.1"
  resolved "http://registry.m.jd.com/semver/download/semver-7.7.1.tgz#abd5098d82b18c6c81f6074ff2647fd3e7220c9f"
  integrity sha1-q9UJjYKxjGyB9gdP8mR/0+ciDJ8=

serialize-error@^7.0.1:
  version "7.0.1"
  resolved "http://registry.m.jd.com/serialize-error/download/serialize-error-7.0.1.tgz#f1360b0447f61ffb483ec4157c737fab7d778e18"
  integrity sha1-8TYLBEf2H/tIPsQVfHN/q313jhg=
  dependencies:
    type-fest "^0.13.1"

sprintf-js@^1.1.2:
  version "1.1.3"
  resolved "http://registry.m.jd.com/sprintf-js/download/sprintf-js-1.1.3.tgz#4914b903a2f8b685d17fdf78a70e917e872e444a"
  integrity sha1-SRS5A6L4toXRf994pw6RfocuREo=

sumchecker@^3.0.1:
  version "3.0.1"
  resolved "http://registry.m.jd.com/sumchecker/download/sumchecker-3.0.1.tgz#6377e996795abb0b6d348e9b3e1dfb24345a8e42"
  integrity sha1-Y3fplnlauwttNI6bPh37JDRajkI=
  dependencies:
    debug "^4.1.0"

type-fest@^0.13.1:
  version "0.13.1"
  resolved "http://registry.m.jd.com/type-fest/download/type-fest-0.13.1.tgz#0172cb5bce80b0bd542ea348db50c7e21834d934"
  integrity sha1-AXLLW86AsL1ULqNI21DH4hg02TQ=

undici-types@~6.19.2:
  version "6.19.8"
  resolved "http://registry.m.jd.com/undici-types/download/undici-types-6.19.8.tgz#35111c9d1437ab83a7cdc0abae2f26d88eda0a02"
  integrity sha1-NREcnRQ3q4OnzcCrri8m2I7aCgI=

undici-types@~6.20.0:
  version "6.20.0"
  resolved "http://registry.m.jd.com/undici-types/download/undici-types-6.20.0.tgz#8171bf22c1f588d1554d55bf204bc624af388433"
  integrity sha1-gXG/IsH1iNFVTVW/IEvGJK84hDM=

universalify@^0.1.0:
  version "0.1.2"
  resolved "http://registry.m.jd.com/universalify/download/universalify-0.1.2.tgz#b646f69be3942dabcecc9d6639c80dc105efaa66"
  integrity sha1-tkb2m+OULavOzJ1mOcgNwQXvqmY=

wrappy@1:
  version "1.0.2"
  resolved "http://registry.m.jd.com/wrappy/download/wrappy-1.0.2.tgz#b5243d8f3ec1aa35f1364605bc0d1036e30ab69f"
  integrity sha1-tSQ9jz7BqjXxNkYFvA0QNuMKtp8=

yauzl@^2.10.0:
  version "2.10.0"
  resolved "http://registry.m.jd.com/yauzl/download/yauzl-2.10.0.tgz#c7eb17c93e112cb1086fa6d8e51fb0667b79a5f9"
  integrity sha1-x+sXyT4RLLEIb6bY5R+wZnt5pfk=
  dependencies:
    buffer-crc32 "~0.2.3"
    fd-slicer "~1.1.0"
